
Microsoft Visual Studio Solution File, Format Version 12.00
# Visual Studio Version 17
VisualStudioVersion = 17.5.002.0
MinimumVisualStudioVersion = 10.0.40219.1
Project("{2150E333-8FDC-42A3-9474-1A3956D46DE8}") = "csharp-prep", "csharp-prep", "{47B2434B-1382-4A77-96F7-14EEC195F1C6}"
EndProject
Project("{9A19103F-16F7-4668-BE54-9A1E7A4F7556}") = "Prep1", "csharp-prep\Prep1\Prep1.csproj", "{0F95B108-4C67-4327-A981-D2224E0E73BF}"
EndProject
Project("{9A19103F-16F7-4668-BE54-9A1E7A4F7556}") = "Prep2", "csharp-prep\Prep2\Prep2.csproj", "{42049073-4A58-4857-8190-025902042EBC}"
EndProject
Project("{9A19103F-16F7-4668-BE54-9A1E7A4F7556}") = "Prep3", "csharp-prep\Prep3\Prep3.csproj", "{A5C48A76-8DF6-45E8-97D8-82B43346DA90}"
EndProject
Project("{9A19103F-16F7-4668-BE54-9A1E7A4F7556}") = "Prep4", "csharp-prep\Prep4\Prep4.csproj", "{91082972-92F4-4E1B-B782-CB5182316C6F}"
EndProject
Project("{9A19103F-16F7-4668-BE54-9A1E7A4F7556}") = "Prep5", "csharp-prep\Prep5\Prep5.csproj", "{25C26883-F115-4403-9D5A-31E196F07EDB}"
EndProject
Project("{2150E333-8FDC-42A3-9474-1A3956D46DE8}") = "final", "final", "{67B3D9E3-A3AE-4C57-B6C9-468DB280009E}"
EndProject
Project("{9A19103F-16F7-4668-BE54-9A1E7A4F7556}") = "FinalProject", "final\FinalProject\FinalProject.csproj", "{B3696EB1-282E-45E6-8C9E-7F82BA4849FB}"
EndProject
Project("{9A19103F-16F7-4668-BE54-9A1E7A4F7556}") = "Foundation1", "final\Foundation1\Foundation1.csproj", "{3382D76C-8812-4248-9050-06E918C37511}"
EndProject
Project("{9A19103F-16F7-4668-BE54-9A1E7A4F7556}") = "Foundation2", "final\Foundation2\Foundation2.csproj", "{979ECDB1-7292-4FFF-848A-A9E1A5F563F5}"
EndProject
Project("{9A19103F-16F7-4668-BE54-9A1E7A4F7556}") = "Foundation3", "final\Foundation3\Foundation3.csproj", "{4B162908-1E46-409E-B8BF-6AA4DDABA900}"
EndProject
Project("{9A19103F-16F7-4668-BE54-9A1E7A4F7556}") = "Foundation4", "final\Foundation4\Foundation4.csproj", "{966BE029-C697-4812-9DE8-516E6985FFD7}"
EndProject
Project("{2150E333-8FDC-42A3-9474-1A3956D46DE8}") = "prepare", "prepare", "{88219469-29D5-4D9C-8C79-B8BA623342F8}"
EndProject
Project("{9A19103F-16F7-4668-BE54-9A1E7A4F7556}") = "Learning02", "prepare\Learning02\Learning02.csproj", "{9EC07BA1-C237-4041-8E71-2655FA8075AA}"
EndProject
Project("{9A19103F-16F7-4668-BE54-9A1E7A4F7556}") = "Learning03", "prepare\Learning03\Learning03.csproj", "{5F2FA2A0-CAFD-4CE9-BE43-66FEB9D4E70C}"
EndProject
Project("{9A19103F-16F7-4668-BE54-9A1E7A4F7556}") = "Learning04", "prepare\Learning04\Learning04.csproj", "{4D39CD63-959D-4E73-8F0A-EB7A24D4A3D7}"
EndProject
Project("{9A19103F-16F7-4668-BE54-9A1E7A4F7556}") = "Learning05", "prepare\Learning05\Learning05.csproj", "{3DDBF7EE-C440-47AB-BEA8-53D11F490F99}"
EndProject
Project("{2150E333-8FDC-42A3-9474-1A3956D46DE8}") = "prove", "prove", "{22364B37-5F88-4088-813D-B778BFF1D87F}"
EndProject
Project("{9A19103F-16F7-4668-BE54-9A1E7A4F7556}") = "Develop02", "prove\Develop02\Develop02.csproj", "{DCFBD5AA-FC92-4769-A293-7C5714B2ADFE}"
EndProject
Project("{9A19103F-16F7-4668-BE54-9A1E7A4F7556}") = "Develop03", "prove\Develop03\Develop03.csproj", "{27D3F15E-4E18-47B2-A847-3B3C1016D17B}"
EndProject
Project("{9A19103F-16F7-4668-BE54-9A1E7A4F7556}") = "Develop04", "prove\Develop04\Develop04.csproj", "{E460D44A-CC40-4696-AD8E-270D33FBA810}"
EndProject
Project("{9A19103F-16F7-4668-BE54-9A1E7A4F7556}") = "Develop05", "prove\Develop05\Develop05.csproj", "{3FDAEFBB-161F-4A4B-9F97-56B6D5B28988}"
EndProject
Project("{2150E333-8FDC-42A3-9474-1A3956D46DE8}") = "sandbox", "sandbox", "{E960A07D-A4D6-43DB-89E9-D6D0806286D6}"
EndProject
Project("{9A19103F-16F7-4668-BE54-9A1E7A4F7556}") = "Sandbox", "sandbox\Sandbox\Sandbox.csproj", "{2F6E226E-82E7-4E68-8DA7-CA3221174F5B}"
EndProject
Global
	GlobalSection(SolutionConfigurationPlatforms) = preSolution
		Debug|Any CPU = Debug|Any CPU
		Release|Any CPU = Release|Any CPU
	EndGlobalSection
	GlobalSection(ProjectConfigurationPlatforms) = postSolution
		{0F95B108-4C67-4327-A981-D2224E0E73BF}.Debug|Any CPU.ActiveCfg = Debug|Any CPU
		{0F95B108-4C67-4327-A981-D2224E0E73BF}.Debug|Any CPU.Build.0 = Debug|Any CPU
		{0F95B108-4C67-4327-A981-D2224E0E73BF}.Release|Any CPU.ActiveCfg = Release|Any CPU
		{0F95B108-4C67-4327-A981-D2224E0E73BF}.Release|Any CPU.Build.0 = Release|Any CPU
		{42049073-4A58-4857-8190-025902042EBC}.Debug|Any CPU.ActiveCfg = Debug|Any CPU
		{42049073-4A58-4857-8190-025902042EBC}.Debug|Any CPU.Build.0 = Debug|Any CPU
		{42049073-4A58-4857-8190-025902042EBC}.Release|Any CPU.ActiveCfg = Release|Any CPU
		{42049073-4A58-4857-8190-025902042EBC}.Release|Any CPU.Build.0 = Release|Any CPU
		{A5C48A76-8DF6-45E8-97D8-82B43346DA90}.Debug|Any CPU.ActiveCfg = Debug|Any CPU
		{A5C48A76-8DF6-45E8-97D8-82B43346DA90}.Debug|Any CPU.Build.0 = Debug|Any CPU
		{A5C48A76-8DF6-45E8-97D8-82B43346DA90}.Release|Any CPU.ActiveCfg = Release|Any CPU
		{A5C48A76-8DF6-45E8-97D8-82B43346DA90}.Release|Any CPU.Build.0 = Release|Any CPU
		{91082972-92F4-4E1B-B782-CB5182316C6F}.Debug|Any CPU.ActiveCfg = Debug|Any CPU
		{91082972-92F4-4E1B-B782-CB5182316C6F}.Debug|Any CPU.Build.0 = Debug|Any CPU
		{91082972-92F4-4E1B-B782-CB5182316C6F}.Release|Any CPU.ActiveCfg = Release|Any CPU
		{91082972-92F4-4E1B-B782-CB5182316C6F}.Release|Any CPU.Build.0 = Release|Any CPU
		{25C26883-F115-4403-9D5A-31E196F07EDB}.Debug|Any CPU.ActiveCfg = Debug|Any CPU
		{25C26883-F115-4403-9D5A-31E196F07EDB}.Debug|Any CPU.Build.0 = Debug|Any CPU
		{25C26883-F115-4403-9D5A-31E196F07EDB}.Release|Any CPU.ActiveCfg = Release|Any CPU
		{25C26883-F115-4403-9D5A-31E196F07EDB}.Release|Any CPU.Build.0 = Release|Any CPU
		{B3696EB1-282E-45E6-8C9E-7F82BA4849FB}.Debug|Any CPU.ActiveCfg = Debug|Any CPU
		{B3696EB1-282E-45E6-8C9E-7F82BA4849FB}.Debug|Any CPU.Build.0 = Debug|Any CPU
		{B3696EB1-282E-45E6-8C9E-7F82BA4849FB}.Release|Any CPU.ActiveCfg = Release|Any CPU
		{B3696EB1-282E-45E6-8C9E-7F82BA4849FB}.Release|Any CPU.Build.0 = Release|Any CPU
		{3382D76C-8812-4248-9050-06E918C37511}.Debug|Any CPU.ActiveCfg = Debug|Any CPU
		{3382D76C-8812-4248-9050-06E918C37511}.Debug|Any CPU.Build.0 = Debug|Any CPU
		{3382D76C-8812-4248-9050-06E918C37511}.Release|Any CPU.ActiveCfg = Release|Any CPU
		{3382D76C-8812-4248-9050-06E918C37511}.Release|Any CPU.Build.0 = Release|Any CPU
		{979ECDB1-7292-4FFF-848A-A9E1A5F563F5}.Debug|Any CPU.ActiveCfg = Debug|Any CPU
		{979ECDB1-7292-4FFF-848A-A9E1A5F563F5}.Debug|Any CPU.Build.0 = Debug|Any CPU
		{979ECDB1-7292-4FFF-848A-A9E1A5F563F5}.Release|Any CPU.ActiveCfg = Release|Any CPU
		{979ECDB1-7292-4FFF-848A-A9E1A5F563F5}.Release|Any CPU.Build.0 = Release|Any CPU
		{4B162908-1E46-409E-B8BF-6AA4DDABA900}.Debug|Any CPU.ActiveCfg = Debug|Any CPU
		{4B162908-1E46-409E-B8BF-6AA4DDABA900}.Debug|Any CPU.Build.0 = Debug|Any CPU
		{4B162908-1E46-409E-B8BF-6AA4DDABA900}.Release|Any CPU.ActiveCfg = Release|Any CPU
		{4B162908-1E46-409E-B8BF-6AA4DDABA900}.Release|Any CPU.Build.0 = Release|Any CPU
		{966BE029-C697-4812-9DE8-516E6985FFD7}.Debug|Any CPU.ActiveCfg = Debug|Any CPU
		{966BE029-C697-4812-9DE8-516E6985FFD7}.Debug|Any CPU.Build.0 = Debug|Any CPU
		{966BE029-C697-4812-9DE8-516E6985FFD7}.Release|Any CPU.ActiveCfg = Release|Any CPU
		{966BE029-C697-4812-9DE8-516E6985FFD7}.Release|Any CPU.Build.0 = Release|Any CPU
		{9EC07BA1-C237-4041-8E71-2655FA8075AA}.Debug|Any CPU.ActiveCfg = Debug|Any CPU
		{9EC07BA1-C237-4041-8E71-2655FA8075AA}.Debug|Any CPU.Build.0 = Debug|Any CPU
		{9EC07BA1-C237-4041-8E71-2655FA8075AA}.Release|Any CPU.ActiveCfg = Release|Any CPU
		{9EC07BA1-C237-4041-8E71-2655FA8075AA}.Release|Any CPU.Build.0 = Release|Any CPU
		{5F2FA2A0-CAFD-4CE9-BE43-66FEB9D4E70C}.Debug|Any CPU.ActiveCfg = Debug|Any CPU
		{5F2FA2A0-CAFD-4CE9-BE43-66FEB9D4E70C}.Debug|Any CPU.Build.0 = Debug|Any CPU
		{5F2FA2A0-CAFD-4CE9-BE43-66FEB9D4E70C}.Release|Any CPU.ActiveCfg = Release|Any CPU
		{5F2FA2A0-CAFD-4CE9-BE43-66FEB9D4E70C}.Release|Any CPU.Build.0 = Release|Any CPU
		{4D39CD63-959D-4E73-8F0A-EB7A24D4A3D7}.Debug|Any CPU.ActiveCfg = Debug|Any CPU
		{4D39CD63-959D-4E73-8F0A-EB7A24D4A3D7}.Debug|Any CPU.Build.0 = Debug|Any CPU
		{4D39CD63-959D-4E73-8F0A-EB7A24D4A3D7}.Release|Any CPU.ActiveCfg = Release|Any CPU
		{4D39CD63-959D-4E73-8F0A-EB7A24D4A3D7}.Release|Any CPU.Build.0 = Release|Any CPU
		{3DDBF7EE-C440-47AB-BEA8-53D11F490F99}.Debug|Any CPU.ActiveCfg = Debug|Any CPU
		{3DDBF7EE-C440-47AB-BEA8-53D11F490F99}.Debug|Any CPU.Build.0 = Debug|Any CPU
		{3DDBF7EE-C440-47AB-BEA8-53D11F490F99}.Release|Any CPU.ActiveCfg = Release|Any CPU
		{3DDBF7EE-C440-47AB-BEA8-53D11F490F99}.Release|Any CPU.Build.0 = Release|Any CPU
		{DCFBD5AA-FC92-4769-A293-7C5714B2ADFE}.Debug|Any CPU.ActiveCfg = Debug|Any CPU
		{DCFBD5AA-FC92-4769-A293-7C5714B2ADFE}.Debug|Any CPU.Build.0 = Debug|Any CPU
		{DCFBD5AA-FC92-4769-A293-7C5714B2ADFE}.Release|Any CPU.ActiveCfg = Release|Any CPU
		{DCFBD5AA-FC92-4769-A293-7C5714B2ADFE}.Release|Any CPU.Build.0 = Release|Any CPU
		{27D3F15E-4E18-47B2-A847-3B3C1016D17B}.Debug|Any CPU.ActiveCfg = Debug|Any CPU
		{27D3F15E-4E18-47B2-A847-3B3C1016D17B}.Debug|Any CPU.Build.0 = Debug|Any CPU
		{27D3F15E-4E18-47B2-A847-3B3C1016D17B}.Release|Any CPU.ActiveCfg = Release|Any CPU
		{27D3F15E-4E18-47B2-A847-3B3C1016D17B}.Release|Any CPU.Build.0 = Release|Any CPU
		{E460D44A-CC40-4696-AD8E-270D33FBA810}.Debug|Any CPU.ActiveCfg = Debug|Any CPU
		{E460D44A-CC40-4696-AD8E-270D33FBA810}.Debug|Any CPU.Build.0 = Debug|Any CPU
		{E460D44A-CC40-4696-AD8E-270D33FBA810}.Release|Any CPU.ActiveCfg = Release|Any CPU
		{E460D44A-CC40-4696-AD8E-270D33FBA810}.Release|Any CPU.Build.0 = Release|Any CPU
		{3FDAEFBB-161F-4A4B-9F97-56B6D5B28988}.Debug|Any CPU.ActiveCfg = Debug|Any CPU
		{3FDAEFBB-161F-4A4B-9F97-56B6D5B28988}.Debug|Any CPU.Build.0 = Debug|Any CPU
		{3FDAEFBB-161F-4A4B-9F97-56B6D5B28988}.Release|Any CPU.ActiveCfg = Release|Any CPU
		{3FDAEFBB-161F-4A4B-9F97-56B6D5B28988}.Release|Any CPU.Build.0 = Release|Any CPU
		{2F6E226E-82E7-4E68-8DA7-CA3221174F5B}.Debug|Any CPU.ActiveCfg = Debug|Any CPU
		{2F6E226E-82E7-4E68-8DA7-CA3221174F5B}.Debug|Any CPU.Build.0 = Debug|Any CPU
		{2F6E226E-82E7-4E68-8DA7-CA3221174F5B}.Release|Any CPU.ActiveCfg = Release|Any CPU
		{2F6E226E-82E7-4E68-8DA7-CA3221174F5B}.Release|Any CPU.Build.0 = Release|Any CPU
	EndGlobalSection
	GlobalSection(SolutionProperties) = preSolution
		HideSolutionNode = FALSE
	EndGlobalSection
	GlobalSection(NestedProjects) = preSolution
		{0F95B108-4C67-4327-A981-D2224E0E73BF} = {47B2434B-1382-4A77-96F7-14EEC195F1C6}
		{42049073-4A58-4857-8190-025902042EBC} = {47B2434B-1382-4A77-96F7-14EEC195F1C6}
		{A5C48A76-8DF6-45E8-97D8-82B43346DA90} = {47B2434B-1382-4A77-96F7-14EEC195F1C6}
		{91082972-92F4-4E1B-B782-CB5182316C6F} = {47B2434B-1382-4A77-96F7-14EEC195F1C6}
		{25C26883-F115-4403-9D5A-31E196F07EDB} = {47B2434B-1382-4A77-96F7-14EEC195F1C6}
		{B3696EB1-282E-45E6-8C9E-7F82BA4849FB} = {67B3D9E3-A3AE-4C57-B6C9-468DB280009E}
		{3382D76C-8812-4248-9050-06E918C37511} = {67B3D9E3-A3AE-4C57-B6C9-468DB280009E}
		{979ECDB1-7292-4FFF-848A-A9E1A5F563F5} = {67B3D9E3-A3AE-4C57-B6C9-468DB280009E}
		{4B162908-1E46-409E-B8BF-6AA4DDABA900} = {67B3D9E3-A3AE-4C57-B6C9-468DB280009E}
		{966BE029-C697-4812-9DE8-516E6985FFD7} = {67B3D9E3-A3AE-4C57-B6C9-468DB280009E}
		{9EC07BA1-C237-4041-8E71-2655FA8075AA} = {88219469-29D5-4D9C-8C79-B8BA623342F8}
		{5F2FA2A0-CAFD-4CE9-BE43-66FEB9D4E70C} = {88219469-29D5-4D9C-8C79-B8BA623342F8}
		{4D39CD63-959D-4E73-8F0A-EB7A24D4A3D7} = {88219469-29D5-4D9C-8C79-B8BA623342F8}
		{3DDBF7EE-C440-47AB-BEA8-53D11F490F99} = {88219469-29D5-4D9C-8C79-B8BA623342F8}
		{DCFBD5AA-FC92-4769-A293-7C5714B2ADFE} = {22364B37-5F88-4088-813D-B778BFF1D87F}
		{27D3F15E-4E18-47B2-A847-3B3C1016D17B} = {22364B37-5F88-4088-813D-B778BFF1D87F}
		{E460D44A-CC40-4696-AD8E-270D33FBA810} = {22364B37-5F88-4088-813D-B778BFF1D87F}
		{3FDAEFBB-161F-4A4B-9F97-56B6D5B28988} = {22364B37-5F88-4088-813D-B778BFF1D87F}
		{2F6E226E-82E7-4E68-8DA7-CA3221174F5B} = {E960A07D-A4D6-43DB-89E9-D6D0806286D6}
	EndGlobalSection
	GlobalSection(ExtensibilityGlobals) = postSolution
		SolutionGuid = {DAD7B983-6C6A-4DFC-A4C4-138E420178D3}
	EndGlobalSection
EndGlobal
